
Microsoft Visual Studio Solution File, Format Version 12.00
# Visual Studio Version 16
VisualStudioVersion = 16.0.30523.141
MinimumVisualStudioVersion = 10.0.40219.1
Project("{2150E333-8FDC-42A3-9474-1A3956D46DE8}") = "01 - Testes de Unidade", "01 - Testes de Unidade", "{D5705B02-84BF-443F-9AD1-4D16AEE3CDB2}"
EndProject
Project("{2150E333-8FDC-42A3-9474-1A3956D46DE8}") = "1.1 Testes Basicos", "1.1 Testes Basicos", "{12968310-1402-4B2D-8866-BBBAAE3DDE60}"
EndProject
Project("{9A19103F-16F7-4668-BE54-9A1E7A4F7556}") = "Demo", "src\01 - Testes de Unidade\Demo\Demo.csproj", "{20705BBB-3D41-4B20-B715-B031C8D0A33B}"
EndProject
Project("{9A19103F-16F7-4668-BE54-9A1E7A4F7556}") = "Demo.Tests", "src\01 - Testes de Unidade\Demo.Tests\Demo.Tests.csproj", "{46E6FBA3-EE6D-44AE-A0EA-5EE688036EC0}"
EndProject
Project("{2150E333-8FDC-42A3-9474-1A3956D46DE8}") = "1.2 - Features", "1.2 - Features", "{439DFE54-EFEC-480D-883F-17FC373A5DB7}"
EndProject
Project("{9A19103F-16F7-4668-BE54-9A1E7A4F7556}") = "Features", "src\01 - Testes de Unidade\Features\Features.csproj", "{AB55E991-1FAC-46AB-A004-DB5FB076B96B}"
EndProject
Project("{9A19103F-16F7-4668-BE54-9A1E7A4F7556}") = "Features.Tests", "src\01 - Testes de Unidade\Features.Tests\Features.Tests.csproj", "{DA52258B-2E68-47DA-A651-D1DB0E919601}"
EndProject
Project("{2150E333-8FDC-42A3-9474-1A3956D46DE8}") = "02 - TDD", "02 - TDD", "{8F3F761A-E1A2-4FA9-A6D0-A9DFB2C57923}"
EndProject
Project("{2150E333-8FDC-42A3-9474-1A3956D46DE8}") = "Tests", "Tests", "{BC5B9B19-39EB-4EF4-B976-ED86D2B07BAE}"
EndProject
Project("{9A19103F-16F7-4668-BE54-9A1E7A4F7556}") = "NerdStore.Vendas.Application.Tests", "src\02 - TDD\tests\NerdStore.Vendas.Application.Tests\NerdStore.Vendas.Application.Tests.csproj", "{823FC14F-7A60-4704-A505-EC3AC89425E7}"
EndProject
Project("{9A19103F-16F7-4668-BE54-9A1E7A4F7556}") = "NerdStore.Vendas.Domain.Tests", "src\02 - TDD\tests\NerdStore.Vendas.Domain.Tests\NerdStore.Vendas.Domain.Tests.csproj", "{07513FF8-67CB-44DB-AA21-E6E66C981CE1}"
EndProject
Project("{9A19103F-16F7-4668-BE54-9A1E7A4F7556}") = "NerdStore.Vendas.Domain", "src\02 - TDD\src\NerdStore.Vendas.Domain\NerdStore.Vendas.Domain.csproj", "{4A3A3555-6527-43E7-8E2B-7AFBC5E767D8}"
EndProject
Project("{9A19103F-16F7-4668-BE54-9A1E7A4F7556}") = "NerdStore.Core", "src\02 - TDD\src\NerdStore.Core\NerdStore.Core.csproj", "{02C53CA1-6D4B-4BF7-B68E-6722E4589833}"
EndProject
Project("{9A19103F-16F7-4668-BE54-9A1E7A4F7556}") = "NerdStore.Vendas.Application", "src\02 - TDD\src\NerdStore.Vendas.Application\NerdStore.Vendas.Application.csproj", "{53D78E08-F76A-4D5C-B6F6-6B4B2596203A}"
EndProject
Project("{9A19103F-16F7-4668-BE54-9A1E7A4F7556}") = "NerdStore.Vendas.Data", "src\02 - TDD\src\NerdStore.Vendas.Data\NerdStore.Vendas.Data.csproj", "{D1B5CBBE-4BE1-42BD-BA9D-93C785B4291F}"
EndProject
Project("{2150E333-8FDC-42A3-9474-1A3956D46DE8}") = "03 - Testes de Integracao", "03 - Testes de Integracao", "{7A3CECDF-5A4D-4491-8794-67F690948BE9}"
EndProject
Project("{9A19103F-16F7-4668-BE54-9A1E7A4F7556}") = "NerdStore.Catalogo.Application", "src\03 - Testes de Integracao\NerdStore.Catalogo.Application\NerdStore.Catalogo.Application.csproj", "{F3FB1B1E-E29A-457A-8E06-C0ADC27672C9}"
EndProject
Project("{9A19103F-16F7-4668-BE54-9A1E7A4F7556}") = "NerdStore.Catalogo.Data", "src\03 - Testes de Integracao\NerdStore.Catalogo.Data\NerdStore.Catalogo.Data.csproj", "{26DDA280-76A5-4A3E-B077-3C78B2D360FB}"
EndProject
Project("{9A19103F-16F7-4668-BE54-9A1E7A4F7556}") = "NerdStore.Catalogo.Domain", "src\03 - Testes de Integracao\NerdStore.Catalogo.Domain\NerdStore.Catalogo.Domain.csproj", "{B9773C6B-0C65-486B-B703-DFDE1D3A096E}"
EndProject
Project("{9A19103F-16F7-4668-BE54-9A1E7A4F7556}") = "NerdStore.WebApp.MVC", "src\03 - Testes de Integracao\NerdStore.WebApp.MVC\NerdStore.WebApp.MVC.csproj", "{C4D22374-5E37-4EBE-A0EC-766A2CB9B0EC}"
EndProject
Project("{2150E333-8FDC-42A3-9474-1A3956D46DE8}") = "Integration Tests", "Integration Tests", "{A0E42016-A291-4F05-989D-7E3B53190345}"
EndProject
Project("{9A19103F-16F7-4668-BE54-9A1E7A4F7556}") = "NerdStore.WebApp.Tests", "src\03 - Testes de Integracao\tests\NerdStore.WebApp.Tests\NerdStore.WebApp.Tests.csproj", "{7A6A2377-EED0-4B81-9A12-8665EF421A44}"
EndProject
Project("{2150E333-8FDC-42A3-9474-1A3956D46DE8}") = "04 - BDD", "04 - BDD", "{9B64E920-3A1D-4589-912B-479DE5937DCE}"
EndProject
Project("{FAE04EC0-301F-11D3-BF4B-00C04F79EFBC}") = "NerdStore.BDD.Tests", "src\04 - BDD\tests\NerdStore.BDD.Tests\NerdStore.BDD.Tests.csproj", "{02A0B46D-0C5C-452C-A044-E81FD2E57A36}"
EndProject
Global
	GlobalSection(SolutionConfigurationPlatforms) = preSolution
		Debug|Any CPU = Debug|Any CPU
		Release|Any CPU = Release|Any CPU
	EndGlobalSection
	GlobalSection(ProjectConfigurationPlatforms) = postSolution
		{20705BBB-3D41-4B20-B715-B031C8D0A33B}.Debug|Any CPU.ActiveCfg = Debug|Any CPU
		{20705BBB-3D41-4B20-B715-B031C8D0A33B}.Debug|Any CPU.Build.0 = Debug|Any CPU
		{20705BBB-3D41-4B20-B715-B031C8D0A33B}.Release|Any CPU.ActiveCfg = Release|Any CPU
		{20705BBB-3D41-4B20-B715-B031C8D0A33B}.Release|Any CPU.Build.0 = Release|Any CPU
		{46E6FBA3-EE6D-44AE-A0EA-5EE688036EC0}.Debug|Any CPU.ActiveCfg = Debug|Any CPU
		{46E6FBA3-EE6D-44AE-A0EA-5EE688036EC0}.Debug|Any CPU.Build.0 = Debug|Any CPU
		{46E6FBA3-EE6D-44AE-A0EA-5EE688036EC0}.Release|Any CPU.ActiveCfg = Release|Any CPU
		{46E6FBA3-EE6D-44AE-A0EA-5EE688036EC0}.Release|Any CPU.Build.0 = Release|Any CPU
		{AB55E991-1FAC-46AB-A004-DB5FB076B96B}.Debug|Any CPU.ActiveCfg = Debug|Any CPU
		{AB55E991-1FAC-46AB-A004-DB5FB076B96B}.Debug|Any CPU.Build.0 = Debug|Any CPU
		{AB55E991-1FAC-46AB-A004-DB5FB076B96B}.Release|Any CPU.ActiveCfg = Release|Any CPU
		{AB55E991-1FAC-46AB-A004-DB5FB076B96B}.Release|Any CPU.Build.0 = Release|Any CPU
		{DA52258B-2E68-47DA-A651-D1DB0E919601}.Debug|Any CPU.ActiveCfg = Debug|Any CPU
		{DA52258B-2E68-47DA-A651-D1DB0E919601}.Debug|Any CPU.Build.0 = Debug|Any CPU
		{DA52258B-2E68-47DA-A651-D1DB0E919601}.Release|Any CPU.ActiveCfg = Release|Any CPU
		{DA52258B-2E68-47DA-A651-D1DB0E919601}.Release|Any CPU.Build.0 = Release|Any CPU
		{823FC14F-7A60-4704-A505-EC3AC89425E7}.Debug|Any CPU.ActiveCfg = Debug|Any CPU
		{823FC14F-7A60-4704-A505-EC3AC89425E7}.Debug|Any CPU.Build.0 = Debug|Any CPU
		{823FC14F-7A60-4704-A505-EC3AC89425E7}.Release|Any CPU.ActiveCfg = Release|Any CPU
		{823FC14F-7A60-4704-A505-EC3AC89425E7}.Release|Any CPU.Build.0 = Release|Any CPU
		{07513FF8-67CB-44DB-AA21-E6E66C981CE1}.Debug|Any CPU.ActiveCfg = Debug|Any CPU
		{07513FF8-67CB-44DB-AA21-E6E66C981CE1}.Debug|Any CPU.Build.0 = Debug|Any CPU
		{07513FF8-67CB-44DB-AA21-E6E66C981CE1}.Release|Any CPU.ActiveCfg = Release|Any CPU
		{07513FF8-67CB-44DB-AA21-E6E66C981CE1}.Release|Any CPU.Build.0 = Release|Any CPU
		{4A3A3555-6527-43E7-8E2B-7AFBC5E767D8}.Debug|Any CPU.ActiveCfg = Debug|Any CPU
		{4A3A3555-6527-43E7-8E2B-7AFBC5E767D8}.Debug|Any CPU.Build.0 = Debug|Any CPU
		{4A3A3555-6527-43E7-8E2B-7AFBC5E767D8}.Release|Any CPU.ActiveCfg = Release|Any CPU
		{4A3A3555-6527-43E7-8E2B-7AFBC5E767D8}.Release|Any CPU.Build.0 = Release|Any CPU
		{02C53CA1-6D4B-4BF7-B68E-6722E4589833}.Debug|Any CPU.ActiveCfg = Debug|Any CPU
		{02C53CA1-6D4B-4BF7-B68E-6722E4589833}.Debug|Any CPU.Build.0 = Debug|Any CPU
		{02C53CA1-6D4B-4BF7-B68E-6722E4589833}.Release|Any CPU.ActiveCfg = Release|Any CPU
		{02C53CA1-6D4B-4BF7-B68E-6722E4589833}.Release|Any CPU.Build.0 = Release|Any CPU
		{53D78E08-F76A-4D5C-B6F6-6B4B2596203A}.Debug|Any CPU.ActiveCfg = Debug|Any CPU
		{53D78E08-F76A-4D5C-B6F6-6B4B2596203A}.Debug|Any CPU.Build.0 = Debug|Any CPU
		{53D78E08-F76A-4D5C-B6F6-6B4B2596203A}.Release|Any CPU.ActiveCfg = Release|Any CPU
		{53D78E08-F76A-4D5C-B6F6-6B4B2596203A}.Release|Any CPU.Build.0 = Release|Any CPU
		{D1B5CBBE-4BE1-42BD-BA9D-93C785B4291F}.Debug|Any CPU.ActiveCfg = Debug|Any CPU
		{D1B5CBBE-4BE1-42BD-BA9D-93C785B4291F}.Debug|Any CPU.Build.0 = Debug|Any CPU
		{D1B5CBBE-4BE1-42BD-BA9D-93C785B4291F}.Release|Any CPU.ActiveCfg = Release|Any CPU
		{D1B5CBBE-4BE1-42BD-BA9D-93C785B4291F}.Release|Any CPU.Build.0 = Release|Any CPU
		{F3FB1B1E-E29A-457A-8E06-C0ADC27672C9}.Debug|Any CPU.ActiveCfg = Debug|Any CPU
		{F3FB1B1E-E29A-457A-8E06-C0ADC27672C9}.Debug|Any CPU.Build.0 = Debug|Any CPU
		{F3FB1B1E-E29A-457A-8E06-C0ADC27672C9}.Release|Any CPU.ActiveCfg = Release|Any CPU
		{F3FB1B1E-E29A-457A-8E06-C0ADC27672C9}.Release|Any CPU.Build.0 = Release|Any CPU
		{26DDA280-76A5-4A3E-B077-3C78B2D360FB}.Debug|Any CPU.ActiveCfg = Debug|Any CPU
		{26DDA280-76A5-4A3E-B077-3C78B2D360FB}.Debug|Any CPU.Build.0 = Debug|Any CPU
		{26DDA280-76A5-4A3E-B077-3C78B2D360FB}.Release|Any CPU.ActiveCfg = Release|Any CPU
		{26DDA280-76A5-4A3E-B077-3C78B2D360FB}.Release|Any CPU.Build.0 = Release|Any CPU
		{B9773C6B-0C65-486B-B703-DFDE1D3A096E}.Debug|Any CPU.ActiveCfg = Debug|Any CPU
		{B9773C6B-0C65-486B-B703-DFDE1D3A096E}.Debug|Any CPU.Build.0 = Debug|Any CPU
		{B9773C6B-0C65-486B-B703-DFDE1D3A096E}.Release|Any CPU.ActiveCfg = Release|Any CPU
		{B9773C6B-0C65-486B-B703-DFDE1D3A096E}.Release|Any CPU.Build.0 = Release|Any CPU
		{C4D22374-5E37-4EBE-A0EC-766A2CB9B0EC}.Debug|Any CPU.ActiveCfg = Debug|Any CPU
		{C4D22374-5E37-4EBE-A0EC-766A2CB9B0EC}.Debug|Any CPU.Build.0 = Debug|Any CPU
		{C4D22374-5E37-4EBE-A0EC-766A2CB9B0EC}.Release|Any CPU.ActiveCfg = Release|Any CPU
		{C4D22374-5E37-4EBE-A0EC-766A2CB9B0EC}.Release|Any CPU.Build.0 = Release|Any CPU
		{7A6A2377-EED0-4B81-9A12-8665EF421A44}.Debug|Any CPU.ActiveCfg = Debug|Any CPU
		{7A6A2377-EED0-4B81-9A12-8665EF421A44}.Debug|Any CPU.Build.0 = Debug|Any CPU
		{7A6A2377-EED0-4B81-9A12-8665EF421A44}.Release|Any CPU.ActiveCfg = Release|Any CPU
		{7A6A2377-EED0-4B81-9A12-8665EF421A44}.Release|Any CPU.Build.0 = Release|Any CPU
		{02A0B46D-0C5C-452C-A044-E81FD2E57A36}.Debug|Any CPU.ActiveCfg = Debug|Any CPU
		{02A0B46D-0C5C-452C-A044-E81FD2E57A36}.Debug|Any CPU.Build.0 = Debug|Any CPU
		{02A0B46D-0C5C-452C-A044-E81FD2E57A36}.Release|Any CPU.ActiveCfg = Release|Any CPU
		{02A0B46D-0C5C-452C-A044-E81FD2E57A36}.Release|Any CPU.Build.0 = Release|Any CPU
	EndGlobalSection
	GlobalSection(SolutionProperties) = preSolution
		HideSolutionNode = FALSE
	EndGlobalSection
	GlobalSection(NestedProjects) = preSolution
		{12968310-1402-4B2D-8866-BBBAAE3DDE60} = {D5705B02-84BF-443F-9AD1-4D16AEE3CDB2}
		{20705BBB-3D41-4B20-B715-B031C8D0A33B} = {12968310-1402-4B2D-8866-BBBAAE3DDE60}
		{46E6FBA3-EE6D-44AE-A0EA-5EE688036EC0} = {12968310-1402-4B2D-8866-BBBAAE3DDE60}
		{439DFE54-EFEC-480D-883F-17FC373A5DB7} = {D5705B02-84BF-443F-9AD1-4D16AEE3CDB2}
		{AB55E991-1FAC-46AB-A004-DB5FB076B96B} = {439DFE54-EFEC-480D-883F-17FC373A5DB7}
		{DA52258B-2E68-47DA-A651-D1DB0E919601} = {439DFE54-EFEC-480D-883F-17FC373A5DB7}
		{BC5B9B19-39EB-4EF4-B976-ED86D2B07BAE} = {8F3F761A-E1A2-4FA9-A6D0-A9DFB2C57923}
		{823FC14F-7A60-4704-A505-EC3AC89425E7} = {BC5B9B19-39EB-4EF4-B976-ED86D2B07BAE}
		{07513FF8-67CB-44DB-AA21-E6E66C981CE1} = {BC5B9B19-39EB-4EF4-B976-ED86D2B07BAE}
		{4A3A3555-6527-43E7-8E2B-7AFBC5E767D8} = {8F3F761A-E1A2-4FA9-A6D0-A9DFB2C57923}
		{02C53CA1-6D4B-4BF7-B68E-6722E4589833} = {8F3F761A-E1A2-4FA9-A6D0-A9DFB2C57923}
		{53D78E08-F76A-4D5C-B6F6-6B4B2596203A} = {8F3F761A-E1A2-4FA9-A6D0-A9DFB2C57923}
		{D1B5CBBE-4BE1-42BD-BA9D-93C785B4291F} = {8F3F761A-E1A2-4FA9-A6D0-A9DFB2C57923}
		{F3FB1B1E-E29A-457A-8E06-C0ADC27672C9} = {7A3CECDF-5A4D-4491-8794-67F690948BE9}
		{26DDA280-76A5-4A3E-B077-3C78B2D360FB} = {7A3CECDF-5A4D-4491-8794-67F690948BE9}
		{B9773C6B-0C65-486B-B703-DFDE1D3A096E} = {7A3CECDF-5A4D-4491-8794-67F690948BE9}
		{C4D22374-5E37-4EBE-A0EC-766A2CB9B0EC} = {7A3CECDF-5A4D-4491-8794-67F690948BE9}
		{A0E42016-A291-4F05-989D-7E3B53190345} = {7A3CECDF-5A4D-4491-8794-67F690948BE9}
		{7A6A2377-EED0-4B81-9A12-8665EF421A44} = {A0E42016-A291-4F05-989D-7E3B53190345}
		{02A0B46D-0C5C-452C-A044-E81FD2E57A36} = {9B64E920-3A1D-4589-912B-479DE5937DCE}
	EndGlobalSection
	GlobalSection(ExtensibilityGlobals) = postSolution
		SolutionGuid = {426006DF-F336-4923-AFA4-0700109D1D42}
	EndGlobalSection
EndGlobal
